<?xml version="1.0" encoding="UTF-8" standalone="yes" ?>
<CodeBlocks_project_file>
	<FileVersion major="1" minor="6" />
	<Project>
		<Option title="Labskaus" />
		<Option pch_mode="2" />
		<Option compiler="gcc" />
		<Build>
			<Target title="Debug">
				<Option output="bin/Debug/Labskaus" prefix_auto="1" extension_auto="1" />
				<Option object_output="obj/Debug/" />
				<Option type="1" />
				<Option compiler="gcc" />
				<Option use_console_runner="0" />
				<Option projectLinkerOptionsRelation="2" />
				<Compiler>
					<Add option="-std=c++11" />
					<Add option="-g" />
					<Add directory="include" />
				</Compiler>
			</Target>
			<Target title="Release">
				<Option output="bin/Release/Labskaus" prefix_auto="1" extension_auto="1" />
				<Option object_output="obj/Release/" />
				<Option type="0" />
				<Option compiler="gcc" />
				<Option projectLinkerOptionsRelation="2" />
				<Compiler>
					<Add option="-O2" />
					<Add directory="include" />
				</Compiler>
				<Linker>
					<Add option="-s" />
				</Linker>
			</Target>
		</Build>
		<Compiler>
			<Add option="`wx-config --cflags`" />
			<Add option="-Wall" />
		</Compiler>
		<Linker>
			<Add option="`wx-config --libs`" />
		</Linker>
		<Unit filename="ECU_VarListElement.cpp" />
		<Unit filename="ECU_VarListElement.h" />
		<Unit filename="ECU_variable.cpp" />
		<Unit filename="ECU_variable.h" />
		<Unit filename="GUIFrame.cpp" />
		<Unit filename="GUIFrame.h" />
		<Unit filename="LabskausApp.cpp" />
		<Unit filename="LabskausApp.h" />
		<Unit filename="LabskausMain.cpp" />
		<Unit filename="LabskausMain.h" />
		<Unit filename="WxWizFrame.fbp" />
		<Unit filename="include/CCP_Drive_List_Element.h" />
		<Unit filename="include/CCP_Frame.h" />
		<Unit filename="include/CCP_driver.h" />
		<Unit filename="include/Data_Row.h" />
		<Unit filename="include/History_Log.h" />
		<Unit filename="include/serial.h" />
		<Unit filename="include/type_definition.h" />
		<Unit filename="include/xmlECUfile.h" />
		<Unit filename="src/CCP_Drive_List_Element.cpp" />
		<Unit filename="src/CCP_Frame.cpp" />
		<Unit filename="src/CCP_driver.cpp" />
		<Unit filename="src/Data_Row.cpp" />
		<Unit filename="src/History_Log.cpp" />
		<Unit filename="src/serial.cpp" />
		<Unit filename="src/xmlECUfile.cpp" />
		<Unit filename="tinyxml2.cpp" />
		<Unit filename="tinyxml2.h" />
		<Extensions>
			<code_completion />
			<debugger />
		</Extensions>
	</Project>
</CodeBlocks_project_file>
