<?xml version="1.0" encoding="UTF-8" standalone="yes" ?>
<CodeBlocks_project_file>
	<FileVersion major="1" minor="6" />
	<Project>
		<Option title="Labskaus" />
		<Option pch_mode="2" />
		<Option compiler="gcc" />
		<Build>
			<Target title="Debug">
				<Option output="bin/Debug/Labskaus" prefix_auto="1" extension_auto="1" />
				<Option object_output="obj/Debug/" />
				<Option type="1" />
				<Option compiler="gcc" />
				<Option use_console_runner="0" />
				<Option projectLinkerOptionsRelation="2" />
				<Compiler>
					<Add option="-std=c++11" />
					<Add option="-g" />
					<Add option="-D__linux__" />
					<Add directory="include" />
				</Compiler>
			</Target>
			<Target title="Release">
				<Option output="bin/Release/Labskaus" prefix_auto="1" extension_auto="1" />
				<Option object_output="obj/Release/" />
				<Option type="0" />
				<Option compiler="gcc" />
				<Option projectLinkerOptionsRelation="2" />
				<Compiler>
					<Add option="-std=c++11" />
					<Add directory="include" />
				</Compiler>
			</Target>
			<Target title="Release_Windows">
				<Option output="bin/Release_Windows/Labskaus.exe" prefix_auto="1" extension_auto="0" />
				<Option object_output="obj/Release_Windows/" />
				<Option type="0" />
				<Option compiler="mingw-w64" />
				<Option projectCompilerOptionsRelation="1" />
				<Option projectLinkerOptionsRelation="1" />
				<Option projectIncludeDirsRelation="1" />
				<Compiler>
					<Add option="-std=c++11" />
					<Add option="-static -lpthread" />
					<Add directory="include" />
				</Compiler>
				<Linker>
					<Add option="-static -lpthread" />
				</Linker>
			</Target>
		</Build>
		<Compiler>
			<Add option="-Wall" />
			<Add option="`wx-config --cflags`" />
			<Add option="-D__UNIX__" />
		</Compiler>
		<Linker>
			<Add option="`wx-config --libs`" />
		</Linker>
		<Unit filename="GUIFrame.cpp" />
		<Unit filename="GUIFrame.h" />
		<Unit filename="LabskausApp.cpp" />
		<Unit filename="LabskausApp.h" />
		<Unit filename="LabskausMain.cpp" />
		<Unit filename="LabskausMain.h" />
		<Unit filename="LabskausMain_Calibrate.cpp" />
		<Unit filename="LabskausMain_Config.cpp" />
		<Unit filename="LabskausMain_Settings.cpp" />
		<Unit filename="LabskausMain_XMLList.cpp" />
		<Unit filename="WxWizFrame.fbp" />
		<Unit filename="include/CCP_Frame.h" />
		<Unit filename="include/CCP_Schedular_List_Element.h" />
		<Unit filename="include/CCP_driver.h" />
		<Unit filename="include/ECU_VarInfo.h" />
		<Unit filename="include/ECU_VarLog.h" />
		<Unit filename="include/LOG_Container.h" />
		<Unit filename="include/rs232.h" />
		<Unit filename="include/serial.h" />
		<Unit filename="include/type_definition.h" />
		<Unit filename="include/xmlECUfile.h" />
		<Unit filename="src/CCP_Frame.cpp" />
		<Unit filename="src/CCP_Schedular_List_Element.cpp" />
		<Unit filename="src/CCP_driver.cpp" />
		<Unit filename="src/ECU_VarInfo.cpp" />
		<Unit filename="src/ECU_VarLog.cpp" />
		<Unit filename="src/LOG_Container.cpp" />
		<Unit filename="src/rs232.c">
			<Option compilerVar="CC" />
		</Unit>
		<Unit filename="src/serial.cpp" />
		<Unit filename="src/xmlECUfile.cpp" />
		<Unit filename="tinyxml2.cpp" />
		<Unit filename="tinyxml2.h" />
		<Extensions>
			<code_completion />
			<debugger />
		</Extensions>
	</Project>
</CodeBlocks_project_file>
